// !$*UTF8*$!
{
	archiveVersion = 1;
	classes = {
	};
	objectVersion = 55;
	objects = {

/* Begin PBXBuildFile section */
		74C9F6B12DAE618B00A16380 /* Localizable.strings in Resources */ = {isa = PBXBuildFile; fileRef = 74C9F69E2DAE618B00A16380 /* Localizable.strings */; };
		74C9F6B22DAE618B00A16380 /* SettingsView.swift in Sources */ = {isa = PBXBuildFile; fileRef = 74C9F6A12DAE618B00A16380 /* SettingsView.swift */; };
		74C9F6B32DAE618B00A16380 /* Assets.xcassets in Resources */ = {isa = PBXBuildFile; fileRef = 74C9F6A22DAE618B00A16380 /* Assets.xcassets */; };
		74C9F6B42DAE618B00A16380 /* Preview Assets.xcassets in Resources */ = {isa = PBXBuildFile; fileRef = 74C9F6A42DAE618B00A16380 /* Preview Assets.xcassets */; };
		74C9F6B52DAE618B00A16380 /* CalcButton.swift in Sources */ = {isa = PBXBuildFile; fileRef = 74C9F6A52DAE618B00A16380 /* CalcButton.swift */; };
		74C9F6B62DAE618B00A16380 /* HistoryView.swift in Sources */ = {isa = PBXBuildFile; fileRef = 74C9F6A62DAE618B00A16380 /* HistoryView.swift */; };
		74C9F6B72DAE618B00A16380 /* SmartCalculatorApp.swift in Sources */ = {isa = PBXBuildFile; fileRef = 74C9F6A72DAE618B00A16380 /* SmartCalculatorApp.swift */; };
		74C9F6B82DAE618B00A16380 /* ContentView.swift in Sources */ = {isa = PBXBuildFile; fileRef = 74C9F6A82DAE618B00A16380 /* ContentView.swift */; };
		74C9F6BA2DAE618B00A16380 /* PrivacyPolicyView.swift in Sources */ = {isa = PBXBuildFile; fileRef = 74C9F6AA2DAE618B00A16380 /* PrivacyPolicyView.swift */; };
		74C9F6BB2DAE618B00A16380 /* CalculatorModel.swift in Sources */ = {isa = PBXBuildFile; fileRef = 74C9F6AB2DAE618B00A16380 /* CalculatorModel.swift */; };
		74C9F6BC2DAE618B00A16380 /* README.md in Resources */ = {isa = PBXBuildFile; fileRef = 74C9F6AC2DAE618B00A16380 /* README.md */; };
		74C9F6BD2DAE618B00A16380 /* .gitignore in Resources */ = {isa = PBXBuildFile; fileRef = 74C9F6AD2DAE618B00A16380 /* .gitignore */; };
/* End PBXBuildFile section */

/* Begin PBXFileReference section */
		7422903D2DAE476300365482 /* SmartCalculator.app */ = {isa = PBXFileReference; explicitFileType = wrapper.application; includeInIndex = 0; path = SmartCalculator.app; sourceTree = BUILT_PRODUCTS_DIR; };
		74C9F69F2DAE618B00A16380 /* zh-Hans */ = {isa = PBXFileReference; lastKnownFileType = text.plist.strings; name = "zh-Hans"; path = "zh-Hans.lproj/Localizable.strings"; sourceTree = "<group>"; };
		74C9F6A02DAE618B00A16380 /* en */ = {isa = PBXFileReference; lastKnownFileType = text.plist.strings; name = en; path = en.lproj/Localizable.strings; sourceTree = "<group>"; };
		74C9F6A12DAE618B00A16380 /* SettingsView.swift */ = {isa = PBXFileReference; fileEncoding = 4; lastKnownFileType = sourcecode.swift; path = SettingsView.swift; sourceTree = "<group>"; };
		74C9F6A22DAE618B00A16380 /* Assets.xcassets */ = {isa = PBXFileReference; lastKnownFileType = folder.assetcatalog; path = Assets.xcassets; sourceTree = "<group>"; };
		74C9F6A42DAE618B00A16380 /* Preview Assets.xcassets */ = {isa = PBXFileReference; lastKnownFileType = folder.assetcatalog; path = "Preview Assets.xcassets"; sourceTree = "<group>"; };
		74C9F6A52DAE618B00A16380 /* CalcButton.swift */ = {isa = PBXFileReference; fileEncoding = 4; lastKnownFileType = sourcecode.swift; path = CalcButton.swift; sourceTree = "<group>"; };
		74C9F6A62DAE618B00A16380 /* HistoryView.swift */ = {isa = PBXFileReference; fileEncoding = 4; lastKnownFileType = sourcecode.swift; path = HistoryView.swift; sourceTree = "<group>"; };
		74C9F6A72DAE618B00A16380 /* SmartCalculatorApp.swift */ = {isa = PBXFileReference; fileEncoding = 4; lastKnownFileType = sourcecode.swift; path = SmartCalculatorApp.swift; sourceTree = "<group>"; };
		74C9F6A82DAE618B00A16380 /* ContentView.swift */ = {isa = PBXFileReference; fileEncoding = 4; lastKnownFileType = sourcecode.swift; path = ContentView.swift; sourceTree = "<group>"; };
		74C9F6A92DAE618B00A16380 /* Info.plist */ = {isa = PBXFileReference; fileEncoding = 4; lastKnownFileType = text.plist.xml; path = Info.plist; sourceTree = "<group>"; };
		74C9F6AA2DAE618B00A16380 /* PrivacyPolicyView.swift */ = {isa = PBXFileReference; fileEncoding = 4; lastKnownFileType = sourcecode.swift; path = PrivacyPolicyView.swift; sourceTree = "<group>"; };
		74C9F6AB2DAE618B00A16380 /* CalculatorModel.swift */ = {isa = PBXFileReference; fileEncoding = 4; lastKnownFileType = sourcecode.swift; path = CalculatorModel.swift; sourceTree = "<group>"; };
		74C9F6AC2DAE618B00A16380 /* README.md */ = {isa = PBXFileReference; fileEncoding = 4; lastKnownFileType = net.daringfireball.markdown; path = README.md; sourceTree = "<group>"; };
		74C9F6AD2DAE618B00A16380 /* .gitignore */ = {isa = PBXFileReference; fileEncoding = 4; lastKnownFileType = text; path = .gitignore; sourceTree = "<group>"; };
		74C9F6AE2DAE618B00A16380 /* SmartCalculator.xcodeproj */ = {isa = PBXFileReference; lastKnownFileType = "wrapper.pb-project"; path = SmartCalculator.xcodeproj; sourceTree = "<group>"; };
/* End PBXFileReference section */

/* Begin PBXFrameworksBuildPhase section */
		7422903A2DAE476300365482 /* Frameworks */ = {
			isa = PBXFrameworksBuildPhase;
			buildActionMask = 2147483647;
			files = (
			);
			runOnlyForDeploymentPostprocessing = 0;
		};
/* End PBXFrameworksBuildPhase section */

/* Begin PBXGroup section */
		742290342DAE476300365482 = {
			isa = PBXGroup;
			children = (
				74C9F69C2DAE618B00A16380 /* SmartCalculator */,
				7422903E2DAE476300365482 /* Products */,
			);
			sourceTree = "<group>";
		};
		7422903E2DAE476300365482 /* Products */ = {
			isa = PBXGroup;
			children = (
				7422903D2DAE476300365482 /* SmartCalculator.app */,
			);
			name = Products;
			sourceTree = "<group>";
		};
		74C9F69C2DAE618B00A16380 /* SmartCalculator */ = {
			isa = PBXGroup;
			children = (
				74C9F69D2DAE618B00A16380 /* SmartCalculator */,
				74C9F6AC2DAE618B00A16380 /* README.md */,
				74C9F6AD2DAE618B00A16380 /* .gitignore */,
				74C9F6AE2DAE618B00A16380 /* SmartCalculator.xcodeproj */,
			);
			name = SmartCalculator;
			sourceTree = "<group>";
		};
		74C9F69D2DAE618B00A16380 /* SmartCalculator */ = {
			isa = PBXGroup;
			children = (
				74C9F69E2DAE618B00A16380 /* Localizable.strings */,
				74C9F6A12DAE618B00A16380 /* SettingsView.swift */,
				74C9F6A22DAE618B00A16380 /* Assets.xcassets */,
				74C9F6A32DAE618B00A16380 /* Preview Content */,
				74C9F6A52DAE618B00A16380 /* CalcButton.swift */,
				74C9F6A62DAE618B00A16380 /* HistoryView.swift */,
				74C9F6A72DAE618B00A16380 /* SmartCalculatorApp.swift */,
				74C9F6A82DAE618B00A16380 /* ContentView.swift */,
				74C9F6A92DAE618B00A16380 /* Info.plist */,
				74C9F6AA2DAE618B00A16380 /* PrivacyPolicyView.swift */,
				74C9F6AB2DAE618B00A16380 /* CalculatorModel.swift */,
			);
			path = SmartCalculator;
			sourceTree = "<group>";
		};
		74C9F6A32DAE618B00A16380 /* Preview Content */ = {
			isa = PBXGroup;
			children = (
				74C9F6A42DAE618B00A16380 /* Preview Assets.xcassets */,
			);
			path = "Preview Content";
			sourceTree = "<group>";
		};
		74C9F6AF2DAE618B00A16380 /* Products */ = {
			isa = PBXGroup;
			name = Products;
			sourceTree = "<group>";
		};
/* End PBXGroup section */

/* Begin PBXNativeTarget section */
		7422903C2DAE476300365482 /* SmartCalculator */ = {
			isa = PBXNativeTarget;
			buildConfigurationList = 7422904B2DAE476500365482 /* Build configuration list for PBXNativeTarget "SmartCalculator" */;
			buildPhases = (
				742290392DAE476300365482 /* Sources */,
				7422903A2DAE476300365482 /* Frameworks */,
				7422903B2DAE476300365482 /* Resources */,
			);
			buildRules = (
			);
			dependencies = (
			);
			name = SmartCalculator;
			productName = SmartCalculator;
			productReference = 7422903D2DAE476300365482 /* SmartCalculator.app */;
			productType = "com.apple.product-type.application";
		};
/* End PBXNativeTarget section */

/* Begin PBXProject section */
		742290352DAE476300365482 /* Project object */ = {
			isa = PBXProject;
			attributes = {
				BuildIndependentTargetsInParallel = 1;
				LastSwiftUpdateCheck = 1320;
				LastUpgradeCheck = 1320;
				TargetAttributes = {
					7422903C2DAE476300365482 = {
						CreatedOnToolsVersion = 13.2.1;
					};
				};
			};
			buildConfigurationList = 742290382DAE476300365482 /* Build configuration list for PBXProject "SmartCalculator" */;
			compatibilityVersion = "Xcode 13.0";
			developmentRegion = en;
			hasScannedForEncodings = 0;
			knownRegions = (
				en,
				Base,
				"zh-Hans",
			);
			mainGroup = 742290342DAE476300365482;
			productRefGroup = 7422903E2DAE476300365482 /* Products */;
			projectDirPath = "";
			projectReferences = (
				{
					ProductGroup = 74C9F6AF2DAE618B00A16380 /* Products */;
					ProjectRef = 74C9F6AE2DAE618B00A16380 /* SmartCalculator.xcodeproj */;
				},
			);
			projectRoot = "";
			targets = (
				7422903C2DAE476300365482 /* SmartCalculator */,
			);
		};
/* End PBXProject section */

/* Begin PBXResourcesBuildPhase section */
		7422903B2DAE476300365482 /* Resources */ = {
			isa = PBXResourcesBuildPhase;
			buildActionMask = 2147483647;
			files = (
				74C9F6B32DAE618B00A16380 /* Assets.xcassets in Resources */,
				74C9F6BC2DAE618B00A16380 /* README.md in Resources */,
				74C9F6B42DAE618B00A16380 /* Preview Assets.xcassets in Resources */,
				74C9F6BD2DAE618B00A16380 /* .gitignore in Resources */,
				74C9F6B12DAE618B00A16380 /* Localizable.strings in Resources */,
			);
			runOnlyForDeploymentPostprocessing = 0;
		};
/* End PBXResourcesBuildPhase section */

/* Begin PBXSourcesBuildPhase section */
		742290392DAE476300365482 /* Sources */ = {
			isa = PBXSourcesBuildPhase;
			buildActionMask = 2147483647;
			files = (
				74C9F6B52DAE618B00A16380 /* CalcButton.swift in Sources */,
				74C9F6B82DAE618B00A16380 /* ContentView.swift in Sources */,
				74C9F6B72DAE618B00A16380 /* SmartCalculatorApp.swift in Sources */,
				74C9F6BA2DAE618B00A16380 /* PrivacyPolicyView.swift in Sources */,
				74C9F6B62DAE618B00A16380 /* HistoryView.swift in Sources */,
				74C9F6B22DAE618B00A16380 /* SettingsView.swift in Sources */,
				74C9F6BB2DAE618B00A16380 /* CalculatorModel.swift in Sources */,
			);
			runOnlyForDeploymentPostprocessing = 0;
		};
/* End PBXSourcesBuildPhase section */

/* Begin PBXVariantGroup section */
		74C9F69E2DAE618B00A16380 /* Localizable.strings */ = {
			isa = PBXVariantGroup;
			children = (
				74C9F69F2DAE618B00A16380 /* zh-Hans */,
				74C9F6A02DAE618B00A16380 /* en */,
			);
			name = Localizable.strings;
			sourceTree = "<group>";
		};
/* End PBXVariantGroup section */

/* Begin XCBuildConfiguration section */
		742290492DAE476500365482 /* Debug */ = {
			isa = XCBuildConfiguration;
			buildSettings = {
				ALWAYS_SEARCH_USER_PATHS = NO;
				CLANG_ANALYZER_NONNULL = YES;
				CLANG_ANALYZER_NUMBER_OBJECT_CONVERSION = YES_AGGRESSIVE;
				CLANG_CXX_LANGUAGE_STANDARD = "gnu++17";
				CLANG_CXX_LIBRARY = "libc++";
				CLANG_ENABLE_MODULES = YES;
				CLANG_ENABLE_OBJC_ARC = YES;
				CLANG_ENABLE_OBJC_WEAK = YES;
				CLANG_WARN_BLOCK_CAPTURE_AUTORELEASING = YES;
				CLANG_WARN_BOOL_CONVERSION = YES;
				CLANG_WARN_COMMA = YES;
				CLANG_WARN_CONSTANT_CONVERSION = YES;
				CLANG_WARN_DEPRECATED_OBJC_IMPLEMENTATIONS = YES;
				CLANG_WARN_DIRECT_OBJC_ISA_USAGE = YES_ERROR;
				CLANG_WARN_DOCUMENTATION_COMMENTS = YES;
				CLANG_WARN_EMPTY_BODY = YES;
				CLANG_WARN_ENUM_CONVERSION = YES;
				CLANG_WARN_INFINITE_RECURSION = YES;
				CLANG_WARN_INT_CONVERSION = YES;
				CLANG_WARN_NON_LITERAL_NULL_CONVERSION = YES;
				CLANG_WARN_OBJC_IMPLICIT_RETAIN_SELF = YES;
				CLANG_WARN_OBJC_LITERAL_CONVERSION = YES;
				CLANG_WARN_OBJC_ROOT_CLASS = YES_ERROR;
				CLANG_WARN_QUOTED_INCLUDE_IN_FRAMEWORK_HEADER = YES;
				CLANG_WARN_RANGE_LOOP_ANALYSIS = YES;
				CLANG_WARN_STRICT_PROTOTYPES = YES;
				CLANG_WARN_SUSPICIOUS_MOVE = YES;
				CLANG_WARN_UNGUARDED_AVAILABILITY = YES_AGGRESSIVE;
				CLANG_WARN_UNREACHABLE_CODE = YES;
				CLANG_WARN__DUPLICATE_METHOD_MATCH = YES;
				COPY_PHASE_STRIP = NO;
				DEBUG_INFORMATION_FORMAT = dwarf;
				ENABLE_STRICT_OBJC_MSGSEND = YES;
				ENABLE_TESTABILITY = YES;
				GCC_C_LANGUAGE_STANDARD = gnu11;
				GCC_DYNAMIC_NO_PIC = NO;
				GCC_NO_COMMON_BLOCKS = YES;
				GCC_OPTIMIZATION_LEVEL = 0;
				GCC_PREPROCESSOR_DEFINITIONS = (
					"DEBUG=1",
					"$(inherited)",
				);
				GCC_WARN_64_TO_32_BIT_CONVERSION = YES;
				GCC_WARN_ABOUT_RETURN_TYPE = YES_ERROR;
				GCC_WARN_UNDECLARED_SELECTOR = YES;
				GCC_WARN_UNINITIALIZED_AUTOS = YES_AGGRESSIVE;
				GCC_WARN_UNUSED_FUNCTION = YES;
				GCC_WARN_UNUSED_VARIABLE = YES;
				IPHONEOS_DEPLOYMENT_TARGET = 15.2;
				MTL_ENABLE_DEBUG_INFO = INCLUDE_SOURCE;
				MTL_FAST_MATH = YES;
				ONLY_ACTIVE_ARCH = YES;
				SDKROOT = iphoneos;
				SWIFT_ACTIVE_COMPILATION_CONDITIONS = DEBUG;
				SWIFT_OPTIMIZATION_LEVEL = "-Onone";
			};
			name = Debug;
		};
		7422904A2DAE476500365482 /* Release */ = {
			isa = XCBuildConfiguration;
			buildSettings = {
				ALWAYS_SEARCH_USER_PATHS = NO;
				CLANG_ANALYZER_NONNULL = YES;
				CLANG_ANALYZER_NUMBER_OBJECT_CONVERSION = YES_AGGRESSIVE;
				CLANG_CXX_LANGUAGE_STANDARD = "gnu++17";
				CLANG_CXX_LIBRARY = "libc++";
				CLANG_ENABLE_MODULES = YES;
				CLANG_ENABLE_OBJC_ARC = YES;
				CLANG_ENABLE_OBJC_WEAK = YES;
				CLANG_WARN_BLOCK_CAPTURE_AUTORELEASING = YES;
				CLANG_WARN_BOOL_CONVERSION = YES;
				CLANG_WARN_COMMA = YES;
				CLANG_WARN_CONSTANT_CONVERSION = YES;
				CLANG_WARN_DEPRECATED_OBJC_IMPLEMENTATIONS = YES;
				CLANG_WARN_DIRECT_OBJC_ISA_USAGE = YES_ERROR;
				CLANG_WARN_DOCUMENTATION_COMMENTS = YES;
				CLANG_WARN_EMPTY_BODY = YES;
				CLANG_WARN_ENUM_CONVERSION = YES;
				CLANG_WARN_INFINITE_RECURSION = YES;
				CLANG_WARN_INT_CONVERSION = YES;
				CLANG_WARN_NON_LITERAL_NULL_CONVERSION = YES;
				CLANG_WARN_OBJC_IMPLICIT_RETAIN_SELF = YES;
				CLANG_WARN_OBJC_LITERAL_CONVERSION = YES;
				CLANG_WARN_OBJC_ROOT_CLASS = YES_ERROR;
				CLANG_WARN_QUOTED_INCLUDE_IN_FRAMEWORK_HEADER = YES;
				CLANG_WARN_RANGE_LOOP_ANALYSIS = YES;
				CLANG_WARN_STRICT_PROTOTYPES = YES;
				CLANG_WARN_SUSPICIOUS_MOVE = YES;
				CLANG_WARN_UNGUARDED_AVAILABILITY = YES_AGGRESSIVE;
				CLANG_WARN_UNREACHABLE_CODE = YES;
				CLANG_WARN__DUPLICATE_METHOD_MATCH = YES;
				COPY_PHASE_STRIP = NO;
				DEBUG_INFORMATION_FORMAT = "dwarf-with-dsym";
				ENABLE_NS_ASSERTIONS = NO;
				ENABLE_STRICT_OBJC_MSGSEND = YES;
				GCC_C_LANGUAGE_STANDARD = gnu11;
				GCC_NO_COMMON_BLOCKS = YES;
				GCC_WARN_64_TO_32_BIT_CONVERSION = YES;
				GCC_WARN_ABOUT_RETURN_TYPE = YES_ERROR;
				GCC_WARN_UNDECLARED_SELECTOR = YES;
				GCC_WARN_UNINITIALIZED_AUTOS = YES_AGGRESSIVE;
				GCC_WARN_UNUSED_FUNCTION = YES;
				GCC_WARN_UNUSED_VARIABLE = YES;
				IPHONEOS_DEPLOYMENT_TARGET = 15.2;
				MTL_ENABLE_DEBUG_INFO = NO;
				MTL_FAST_MATH = YES;
				SDKROOT = iphoneos;
				SWIFT_COMPILATION_MODE = wholemodule;
				SWIFT_OPTIMIZATION_LEVEL = "-O";
				VALIDATE_PRODUCT = YES;
			};
			name = Release;
		};
		7422904C2DAE476500365482 /* Debug */ = {
			isa = XCBuildConfiguration;
			buildSettings = {
				ASSETCATALOG_COMPILER_APPICON_NAME = AppIcon;
				ASSETCATALOG_COMPILER_GLOBAL_ACCENT_COLOR_NAME = AccentColor;
				CODE_SIGN_STYLE = Automatic;
				CURRENT_PROJECT_VERSION = 1;
				DEVELOPMENT_ASSET_PATHS = "\"SmartCalculator/Preview Content\"";
				DEVELOPMENT_TEAM = 6A6L55TVS2;
				ENABLE_PREVIEWS = YES;
				GENERATE_INFOPLIST_FILE = YES;
				INFOPLIST_KEY_UIApplicationSceneManifest_Generation = YES;
				INFOPLIST_KEY_UIApplicationSupportsIndirectInputEvents = YES;
				INFOPLIST_KEY_UILaunchScreen_Generation = YES;
				INFOPLIST_KEY_UISupportedInterfaceOrientations = UIInterfaceOrientationPortrait;
				INFOPLIST_KEY_UISupportedInterfaceOrientations_iPad = "UIInterfaceOrientationPortrait UIInterfaceOrientationPortraitUpsideDown UIInterfaceOrientationLandscapeLeft UIInterfaceOrientationLandscapeRight";
				INFOPLIST_KEY_UISupportedInterfaceOrientations_iPhone = "UIInterfaceOrientationPortrait UIInterfaceOrientationLandscapeLeft UIInterfaceOrientationLandscapeRight";
				LD_RUNPATH_SEARCH_PATHS = (
					"$(inherited)",
					"@executable_path/Frameworks",
				);
				MARKETING_VERSION = 1.0;
				PRODUCT_BUNDLE_IDENTIFIER = com.tjcchen.www.SmartCalculator;
				PRODUCT_NAME = "$(TARGET_NAME)";
				SWIFT_EMIT_LOC_STRINGS = YES;
				SWIFT_VERSION = 5.0;
				TARGETED_DEVICE_FAMILY = "1,2";
			};
			name = Debug;
		};
		7422904D2DAE476500365482 /* Release */ = {
			isa = XCBuildConfiguration;
			buildSettings = {
				ASSETCATALOG_COMPILER_APPICON_NAME = AppIcon;
				ASSETCATALOG_COMPILER_GLOBAL_ACCENT_COLOR_NAME = AccentColor;
				CODE_SIGN_STYLE = Automatic;
				CURRENT_PROJECT_VERSION = 1;
				DEVELOPMENT_ASSET_PATHS = "\"SmartCalculator/Preview Content\"";
				DEVELOPMENT_TEAM = 6A6L55TVS2;
				ENABLE_PREVIEWS = YES;
				GENERATE_INFOPLIST_FILE = YES;
				INFOPLIST_KEY_UIApplicationSceneManifest_Generation = YES;
				INFOPLIST_KEY_UIApplicationSupportsIndirectInputEvents = YES;
				INFOPLIST_KEY_UILaunchScreen_Generation = YES;
				INFOPLIST_KEY_UISupportedInterfaceOrientations = UIInterfaceOrientationPortrait;
				INFOPLIST_KEY_UISupportedInterfaceOrientations_iPad = "UIInterfaceOrientationPortrait UIInterfaceOrientationPortraitUpsideDown UIInterfaceOrientationLandscapeLeft UIInterfaceOrientationLandscapeRight";
				INFOPLIST_KEY_UISupportedInterfaceOrientations_iPhone = "UIInterfaceOrientationPortrait UIInterfaceOrientationLandscapeLeft UIInterfaceOrientationLandscapeRight";
				LD_RUNPATH_SEARCH_PATHS = (
					"$(inherited)",
					"@executable_path/Frameworks",
				);
				MARKETING_VERSION = 1.0;
				PRODUCT_BUNDLE_IDENTIFIER = com.tjcchen.www.SmartCalculator;
				PRODUCT_NAME = "$(TARGET_NAME)";
				SWIFT_EMIT_LOC_STRINGS = YES;
				SWIFT_VERSION = 5.0;
				TARGETED_DEVICE_FAMILY = "1,2";
			};
			name = Release;
		};
/* End XCBuildConfiguration section */

/* Begin XCConfigurationList section */
		742290382DAE476300365482 /* Build configuration list for PBXProject "SmartCalculator" */ = {
			isa = XCConfigurationList;
			buildConfigurations = (
				742290492DAE476500365482 /* Debug */,
				7422904A2DAE476500365482 /* Release */,
			);
			defaultConfigurationIsVisible = 0;
			defaultConfigurationName = Release;
		};
		7422904B2DAE476500365482 /* Build configuration list for PBXNativeTarget "SmartCalculator" */ = {
			isa = XCConfigurationList;
			buildConfigurations = (
				7422904C2DAE476500365482 /* Debug */,
				7422904D2DAE476500365482 /* Release */,
			);
			defaultConfigurationIsVisible = 0;
			defaultConfigurationName = Release;
		};
/* End XCConfigurationList section */
	};
	rootObject = 742290352DAE476300365482 /* Project object */;
}
